Microsoft Visual Studio Solution File, Format Version 11.00
# Visual Studio 2008

Project("{BD3F63EC-687E-1A48-52FC-2360EDBED6F0}") = "procjam_repo", "Assembly-CSharp-firstpass-vs.csproj", "{2769E6A5-8DD1-30A3-A03D-9293EE3E0254}"
EndProject
Project("{BD3F63EC-687E-1A48-52FC-2360EDBED6F0}") = "procjam_repo", "Assembly-CSharp-vs.csproj", "{E4C0D393-D6DA-28D9-A4C7-24CE31521BEE}"
EndProject
Project("{BD3F63EC-687E-1A48-52FC-2360EDBED6F0}") = "procjam_repo", "Assembly-CSharp-Editor-vs.csproj", "{0D9F7906-AA52-0B69-46EA-E57A1B9FD7F1}"
EndProject
Global
	GlobalSection(SolutionConfigurationPlatforms) = preSolution
		Debug|Any CPU = Debug|Any CPU
		Release|Any CPU = Release|Any CPU
	EndGlobalSection
	GlobalSection(ProjectConfigurationPlatforms) = postSolution
		{2769E6A5-8DD1-30A3-A03D-9293EE3E0254}.Debug|Any CPU.ActiveCfg = Debug|Any CPU
		{2769E6A5-8DD1-30A3-A03D-9293EE3E0254}.Debug|Any CPU.Build.0 = Debug|Any CPU
		{2769E6A5-8DD1-30A3-A03D-9293EE3E0254}.Release|Any CPU.ActiveCfg = Release|Any CPU
		{2769E6A5-8DD1-30A3-A03D-9293EE3E0254}.Release|Any CPU.Build.0 = Release|Any CPU
		{E4C0D393-D6DA-28D9-A4C7-24CE31521BEE}.Debug|Any CPU.ActiveCfg = Debug|Any CPU
		{E4C0D393-D6DA-28D9-A4C7-24CE31521BEE}.Debug|Any CPU.Build.0 = Debug|Any CPU
		{E4C0D393-D6DA-28D9-A4C7-24CE31521BEE}.Release|Any CPU.ActiveCfg = Release|Any CPU
		{E4C0D393-D6DA-28D9-A4C7-24CE31521BEE}.Release|Any CPU.Build.0 = Release|Any CPU
		{0D9F7906-AA52-0B69-46EA-E57A1B9FD7F1}.Debug|Any CPU.ActiveCfg = Debug|Any CPU
		{0D9F7906-AA52-0B69-46EA-E57A1B9FD7F1}.Debug|Any CPU.Build.0 = Debug|Any CPU
		{0D9F7906-AA52-0B69-46EA-E57A1B9FD7F1}.Release|Any CPU.ActiveCfg = Release|Any CPU
		{0D9F7906-AA52-0B69-46EA-E57A1B9FD7F1}.Release|Any CPU.Build.0 = Release|Any CPU
	EndGlobalSection
	GlobalSection(SolutionProperties) = preSolution
		HideSolutionNode = FALSE
	EndGlobalSection
																																	GlobalSection(MonoDevelopProperties) = preSolution
		StartupItem = Assembly-CSharp.csproj
		Policies = $0
		$0.TextStylePolicy = $1
		$1.inheritsSet = null
		$1.scope = text/x-csharp
		$0.CSharpFormattingPolicy = $2
		$2.inheritsSet = Mono
		$2.inheritsScope = text/x-csharp
		$2.scope = text/x-csharp
		$0.TextStylePolicy = $3
		$3.FileWidth = 120
		$3.TabWidth = 4
		$3.IndentWidth = 4
		$3.EolMarker = Unix
		$3.inheritsSet = Mono
		$3.inheritsScope = text/plain
		$3.scope = text/plain
	EndGlobalSection

EndGlobal
